
Microsoft Visual Studio Solution File, Format Version 12.00
# Visual Studio Version 17
VisualStudioVersion = 17.10.34928.147
MinimumVisualStudioVersion = 10.0.40219.1
Project("{9A19103F-16F7-4668-BE54-9A1E7A4F7556}") = "WebApp", "WebApplication2\WebApp.csproj", "{31EB3EAC-764B-477F-9BE4-0F43ACF0EE94}"
	ProjectSection(ProjectDependencies) = postProject
		{1365F63C-045B-4B3F-809B-69F04A279437} = {1365F63C-045B-4B3F-809B-69F04A279437}
	EndProjectSection
EndProject
Project("{9A19103F-16F7-4668-BE54-9A1E7A4F7556}") = "WebApp.Core", "WebApp.Core\WebApp.Core.csproj", "{F8B00A38-DFD4-4F14-9450-2F7E832A5E89}"
EndProject
Project("{9A19103F-16F7-4668-BE54-9A1E7A4F7556}") = "WebApp.Application", "WebApp.Application\WebApp.Application.csproj", "{A96258F2-19FF-43E7-B1D9-82EB0B8F9342}"
	ProjectSection(ProjectDependencies) = postProject
		{F8B00A38-DFD4-4F14-9450-2F7E832A5E89} = {F8B00A38-DFD4-4F14-9450-2F7E832A5E89}
	EndProjectSection
EndProject
Project("{9A19103F-16F7-4668-BE54-9A1E7A4F7556}") = "WebApp.DataAccess", "WebApp.DataAccess\WebApp.DataAccess.csproj", "{1365F63C-045B-4B3F-809B-69F04A279437}"
	ProjectSection(ProjectDependencies) = postProject
		{F8B00A38-DFD4-4F14-9450-2F7E832A5E89} = {F8B00A38-DFD4-4F14-9450-2F7E832A5E89}
	EndProjectSection
EndProject
Project("{E53339B2-1760-4266-BCC7-CA923CBCF16C}") = "docker-compose", "docker-compose.dcproj", "{E48478EC-C2E1-45C6-B0D4-4074E7992411}"
EndProject
Global
	GlobalSection(SolutionConfigurationPlatforms) = preSolution
		Debug|Any CPU = Debug|Any CPU
		Release|Any CPU = Release|Any CPU
	EndGlobalSection
	GlobalSection(ProjectConfigurationPlatforms) = postSolution
		{31EB3EAC-764B-477F-9BE4-0F43ACF0EE94}.Debug|Any CPU.ActiveCfg = Debug|Any CPU
		{31EB3EAC-764B-477F-9BE4-0F43ACF0EE94}.Debug|Any CPU.Build.0 = Debug|Any CPU
		{31EB3EAC-764B-477F-9BE4-0F43ACF0EE94}.Release|Any CPU.ActiveCfg = Release|Any CPU
		{31EB3EAC-764B-477F-9BE4-0F43ACF0EE94}.Release|Any CPU.Build.0 = Release|Any CPU
		{F8B00A38-DFD4-4F14-9450-2F7E832A5E89}.Debug|Any CPU.ActiveCfg = Debug|Any CPU
		{F8B00A38-DFD4-4F14-9450-2F7E832A5E89}.Debug|Any CPU.Build.0 = Debug|Any CPU
		{F8B00A38-DFD4-4F14-9450-2F7E832A5E89}.Release|Any CPU.ActiveCfg = Release|Any CPU
		{F8B00A38-DFD4-4F14-9450-2F7E832A5E89}.Release|Any CPU.Build.0 = Release|Any CPU
		{A96258F2-19FF-43E7-B1D9-82EB0B8F9342}.Debug|Any CPU.ActiveCfg = Debug|Any CPU
		{A96258F2-19FF-43E7-B1D9-82EB0B8F9342}.Debug|Any CPU.Build.0 = Debug|Any CPU
		{A96258F2-19FF-43E7-B1D9-82EB0B8F9342}.Release|Any CPU.ActiveCfg = Release|Any CPU
		{A96258F2-19FF-43E7-B1D9-82EB0B8F9342}.Release|Any CPU.Build.0 = Release|Any CPU
		{1365F63C-045B-4B3F-809B-69F04A279437}.Debug|Any CPU.ActiveCfg = Debug|Any CPU
		{1365F63C-045B-4B3F-809B-69F04A279437}.Debug|Any CPU.Build.0 = Debug|Any CPU
		{1365F63C-045B-4B3F-809B-69F04A279437}.Release|Any CPU.ActiveCfg = Release|Any CPU
		{1365F63C-045B-4B3F-809B-69F04A279437}.Release|Any CPU.Build.0 = Release|Any CPU
		{E48478EC-C2E1-45C6-B0D4-4074E7992411}.Debug|Any CPU.ActiveCfg = Debug|Any CPU
		{E48478EC-C2E1-45C6-B0D4-4074E7992411}.Debug|Any CPU.Build.0 = Debug|Any CPU
		{E48478EC-C2E1-45C6-B0D4-4074E7992411}.Release|Any CPU.ActiveCfg = Release|Any CPU
		{E48478EC-C2E1-45C6-B0D4-4074E7992411}.Release|Any CPU.Build.0 = Release|Any CPU
	EndGlobalSection
	GlobalSection(SolutionProperties) = preSolution
		HideSolutionNode = FALSE
	EndGlobalSection
	GlobalSection(ExtensibilityGlobals) = postSolution
		SolutionGuid = {10159189-5179-4485-9B4C-A9500ABB7625}
	EndGlobalSection
EndGlobal
